
Microsoft Visual Studio Solution File, Format Version 12.00
# Visual Studio 15
VisualStudioVersion = 15.0.26124.0
MinimumVisualStudioVersion = 15.0.26124.0
Project("{FAE04EC0-301F-11D3-BF4B-00C04F79EFBC}") = "Ecommerce.Domain", "Ecommerce.Domain\Ecommerce.Domain.csproj", "{6C36C1A3-0C34-4D43-BD9A-51FB839CF435}"
EndProject
Project("{FAE04EC0-301F-11D3-BF4B-00C04F79EFBC}") = "Ecommerce.Application", "Ecommerce.Application\Ecommerce.Application.csproj", "{AFCBAB8E-4DD3-45BC-B27E-8D7A463A566B}"
EndProject
Project("{FAE04EC0-301F-11D3-BF4B-00C04F79EFBC}") = "Ecommerce.Infrastructure", "Ecommerce.Infrastructure\Ecommerce.Infrastructure.csproj", "{C2188D7F-21E4-41F2-80EB-804ACC2B3931}"
EndProject
Project("{FAE04EC0-301F-11D3-BF4B-00C04F79EFBC}") = "Ecommerce.Api", "Ecommerce.Api\Ecommerce.Api.csproj", "{BA970C4E-6E8E-4D29-A6D8-249CCA6C85C0}"
EndProject
Project("{FAE04EC0-301F-11D3-BF4B-00C04F79EFBC}") = "Ecommerce.Worker", "Ecommerce.Worker\Ecommerce.Worker.csproj", "{FB6B6FB4-E248-40BD-8561-95750AD17BE7}"
EndProject
Project("{FAE04EC0-301F-11D3-BF4B-00C04F79EFBC}") = "Ecommerce.Tests", "Ecommerce.Tests\Ecommerce.Tests.csproj", "{0532E0DE-294B-473E-9842-E8EFDCEF0282}"
EndProject
Global
	GlobalSection(SolutionConfigurationPlatforms) = preSolution
		Debug|Any CPU = Debug|Any CPU
		Debug|x64 = Debug|x64
		Debug|x86 = Debug|x86
		Release|Any CPU = Release|Any CPU
		Release|x64 = Release|x64
		Release|x86 = Release|x86
	EndGlobalSection
	GlobalSection(ProjectConfigurationPlatforms) = postSolution
		{6C36C1A3-0C34-4D43-BD9A-51FB839CF435}.Debug|Any CPU.ActiveCfg = Debug|Any CPU
		{6C36C1A3-0C34-4D43-BD9A-51FB839CF435}.Debug|Any CPU.Build.0 = Debug|Any CPU
		{6C36C1A3-0C34-4D43-BD9A-51FB839CF435}.Debug|x64.ActiveCfg = Debug|Any CPU
		{6C36C1A3-0C34-4D43-BD9A-51FB839CF435}.Debug|x64.Build.0 = Debug|Any CPU
		{6C36C1A3-0C34-4D43-BD9A-51FB839CF435}.Debug|x86.ActiveCfg = Debug|Any CPU
		{6C36C1A3-0C34-4D43-BD9A-51FB839CF435}.Debug|x86.Build.0 = Debug|Any CPU
		{6C36C1A3-0C34-4D43-BD9A-51FB839CF435}.Release|Any CPU.ActiveCfg = Release|Any CPU
		{6C36C1A3-0C34-4D43-BD9A-51FB839CF435}.Release|Any CPU.Build.0 = Release|Any CPU
		{6C36C1A3-0C34-4D43-BD9A-51FB839CF435}.Release|x64.ActiveCfg = Release|Any CPU
		{6C36C1A3-0C34-4D43-BD9A-51FB839CF435}.Release|x64.Build.0 = Release|Any CPU
		{6C36C1A3-0C34-4D43-BD9A-51FB839CF435}.Release|x86.ActiveCfg = Release|Any CPU
		{6C36C1A3-0C34-4D43-BD9A-51FB839CF435}.Release|x86.Build.0 = Release|Any CPU
		{AFCBAB8E-4DD3-45BC-B27E-8D7A463A566B}.Debug|Any CPU.ActiveCfg = Debug|Any CPU
		{AFCBAB8E-4DD3-45BC-B27E-8D7A463A566B}.Debug|Any CPU.Build.0 = Debug|Any CPU
		{AFCBAB8E-4DD3-45BC-B27E-8D7A463A566B}.Debug|x64.ActiveCfg = Debug|Any CPU
		{AFCBAB8E-4DD3-45BC-B27E-8D7A463A566B}.Debug|x64.Build.0 = Debug|Any CPU
		{AFCBAB8E-4DD3-45BC-B27E-8D7A463A566B}.Debug|x86.ActiveCfg = Debug|Any CPU
		{AFCBAB8E-4DD3-45BC-B27E-8D7A463A566B}.Debug|x86.Build.0 = Debug|Any CPU
		{AFCBAB8E-4DD3-45BC-B27E-8D7A463A566B}.Release|Any CPU.ActiveCfg = Release|Any CPU
		{AFCBAB8E-4DD3-45BC-B27E-8D7A463A566B}.Release|Any CPU.Build.0 = Release|Any CPU
		{AFCBAB8E-4DD3-45BC-B27E-8D7A463A566B}.Release|x64.ActiveCfg = Release|Any CPU
		{AFCBAB8E-4DD3-45BC-B27E-8D7A463A566B}.Release|x64.Build.0 = Release|Any CPU
		{AFCBAB8E-4DD3-45BC-B27E-8D7A463A566B}.Release|x86.ActiveCfg = Release|Any CPU
		{AFCBAB8E-4DD3-45BC-B27E-8D7A463A566B}.Release|x86.Build.0 = Release|Any CPU
		{C2188D7F-21E4-41F2-80EB-804ACC2B3931}.Debug|Any CPU.ActiveCfg = Debug|Any CPU
		{C2188D7F-21E4-41F2-80EB-804ACC2B3931}.Debug|Any CPU.Build.0 = Debug|Any CPU
		{C2188D7F-21E4-41F2-80EB-804ACC2B3931}.Debug|x64.ActiveCfg = Debug|Any CPU
		{C2188D7F-21E4-41F2-80EB-804ACC2B3931}.Debug|x64.Build.0 = Debug|Any CPU
		{C2188D7F-21E4-41F2-80EB-804ACC2B3931}.Debug|x86.ActiveCfg = Debug|Any CPU
		{C2188D7F-21E4-41F2-80EB-804ACC2B3931}.Debug|x86.Build.0 = Debug|Any CPU
		{C2188D7F-21E4-41F2-80EB-804ACC2B3931}.Release|Any CPU.ActiveCfg = Release|Any CPU
		{C2188D7F-21E4-41F2-80EB-804ACC2B3931}.Release|Any CPU.Build.0 = Release|Any CPU
		{C2188D7F-21E4-41F2-80EB-804ACC2B3931}.Release|x64.ActiveCfg = Release|Any CPU
		{C2188D7F-21E4-41F2-80EB-804ACC2B3931}.Release|x64.Build.0 = Release|Any CPU
		{C2188D7F-21E4-41F2-80EB-804ACC2B3931}.Release|x86.ActiveCfg = Release|Any CPU
		{C2188D7F-21E4-41F2-80EB-804ACC2B3931}.Release|x86.Build.0 = Release|Any CPU
		{BA970C4E-6E8E-4D29-A6D8-249CCA6C85C0}.Debug|Any CPU.ActiveCfg = Debug|Any CPU
		{BA970C4E-6E8E-4D29-A6D8-249CCA6C85C0}.Debug|Any CPU.Build.0 = Debug|Any CPU
		{BA970C4E-6E8E-4D29-A6D8-249CCA6C85C0}.Debug|x64.ActiveCfg = Debug|Any CPU
		{BA970C4E-6E8E-4D29-A6D8-249CCA6C85C0}.Debug|x64.Build.0 = Debug|Any CPU
		{BA970C4E-6E8E-4D29-A6D8-249CCA6C85C0}.Debug|x86.ActiveCfg = Debug|Any CPU
		{BA970C4E-6E8E-4D29-A6D8-249CCA6C85C0}.Debug|x86.Build.0 = Debug|Any CPU
		{BA970C4E-6E8E-4D29-A6D8-249CCA6C85C0}.Release|Any CPU.ActiveCfg = Release|Any CPU
		{BA970C4E-6E8E-4D29-A6D8-249CCA6C85C0}.Release|Any CPU.Build.0 = Release|Any CPU
		{BA970C4E-6E8E-4D29-A6D8-249CCA6C85C0}.Release|x64.ActiveCfg = Release|Any CPU
		{BA970C4E-6E8E-4D29-A6D8-249CCA6C85C0}.Release|x64.Build.0 = Release|Any CPU
		{BA970C4E-6E8E-4D29-A6D8-249CCA6C85C0}.Release|x86.ActiveCfg = Release|Any CPU
		{BA970C4E-6E8E-4D29-A6D8-249CCA6C85C0}.Release|x86.Build.0 = Release|Any CPU
		{FB6B6FB4-E248-40BD-8561-95750AD17BE7}.Debug|Any CPU.ActiveCfg = Debug|Any CPU
		{FB6B6FB4-E248-40BD-8561-95750AD17BE7}.Debug|Any CPU.Build.0 = Debug|Any CPU
		{FB6B6FB4-E248-40BD-8561-95750AD17BE7}.Debug|x64.ActiveCfg = Debug|Any CPU
		{FB6B6FB4-E248-40BD-8561-95750AD17BE7}.Debug|x64.Build.0 = Debug|Any CPU
		{FB6B6FB4-E248-40BD-8561-95750AD17BE7}.Debug|x86.ActiveCfg = Debug|Any CPU
		{FB6B6FB4-E248-40BD-8561-95750AD17BE7}.Debug|x86.Build.0 = Debug|Any CPU
		{FB6B6FB4-E248-40BD-8561-95750AD17BE7}.Release|Any CPU.ActiveCfg = Release|Any CPU
		{FB6B6FB4-E248-40BD-8561-95750AD17BE7}.Release|Any CPU.Build.0 = Release|Any CPU
		{FB6B6FB4-E248-40BD-8561-95750AD17BE7}.Release|x64.ActiveCfg = Release|Any CPU
		{FB6B6FB4-E248-40BD-8561-95750AD17BE7}.Release|x64.Build.0 = Release|Any CPU
		{FB6B6FB4-E248-40BD-8561-95750AD17BE7}.Release|x86.ActiveCfg = Release|Any CPU
		{FB6B6FB4-E248-40BD-8561-95750AD17BE7}.Release|x86.Build.0 = Release|Any CPU
		{0532E0DE-294B-473E-9842-E8EFDCEF0282}.Debug|Any CPU.ActiveCfg = Debug|Any CPU
		{0532E0DE-294B-473E-9842-E8EFDCEF0282}.Debug|Any CPU.Build.0 = Debug|Any CPU
		{0532E0DE-294B-473E-9842-E8EFDCEF0282}.Debug|x64.ActiveCfg = Debug|Any CPU
		{0532E0DE-294B-473E-9842-E8EFDCEF0282}.Debug|x64.Build.0 = Debug|Any CPU
		{0532E0DE-294B-473E-9842-E8EFDCEF0282}.Debug|x86.ActiveCfg = Debug|Any CPU
		{0532E0DE-294B-473E-9842-E8EFDCEF0282}.Debug|x86.Build.0 = Debug|Any CPU
		{0532E0DE-294B-473E-9842-E8EFDCEF0282}.Release|Any CPU.ActiveCfg = Release|Any CPU
		{0532E0DE-294B-473E-9842-E8EFDCEF0282}.Release|Any CPU.Build.0 = Release|Any CPU
		{0532E0DE-294B-473E-9842-E8EFDCEF0282}.Release|x64.ActiveCfg = Release|Any CPU
		{0532E0DE-294B-473E-9842-E8EFDCEF0282}.Release|x64.Build.0 = Release|Any CPU
		{0532E0DE-294B-473E-9842-E8EFDCEF0282}.Release|x86.ActiveCfg = Release|Any CPU
		{0532E0DE-294B-473E-9842-E8EFDCEF0282}.Release|x86.Build.0 = Release|Any CPU
	EndGlobalSection
	GlobalSection(SolutionProperties) = preSolution
		HideSolutionNode = FALSE
	EndGlobalSection
EndGlobal
